
Microsoft Visual Studio Solution File, Format Version 12.00
# Visual Studio Version 17
VisualStudioVersion = 17.11.35208.52
MinimumVisualStudioVersion = 10.0.40219.1
Project("{FAE04EC0-301F-11D3-BF4B-00C04F79EFBC}") = "AbstractFactory_DP", "AbstractFactory_DP\AbstractFactory_DP.csproj", "{4CB93EF1-8823-426F-B44A-C8C6CE4FE710}"
EndProject
Global
	GlobalSection(SolutionConfigurationPlatforms) = preSolution
		Debug|Any CPU = Debug|Any CPU
		Release|Any CPU = Release|Any CPU
	EndGlobalSection
	GlobalSection(ProjectConfigurationPlatforms) = postSolution
		{4CB93EF1-8823-426F-B44A-C8C6CE4FE710}.Debug|Any CPU.ActiveCfg = Debug|Any CPU
		{4CB93EF1-8823-426F-B44A-C8C6CE4FE710}.Debug|Any CPU.Build.0 = Debug|Any CPU
		{4CB93EF1-8823-426F-B44A-C8C6CE4FE710}.Release|Any CPU.ActiveCfg = Release|Any CPU
		{4CB93EF1-8823-426F-B44A-C8C6CE4FE710}.Release|Any CPU.Build.0 = Release|Any CPU
	EndGlobalSection
	GlobalSection(SolutionProperties) = preSolution
		HideSolutionNode = FALSE
	EndGlobalSection
	GlobalSection(ExtensibilityGlobals) = postSolution
		SolutionGuid = {62584219-0914-4EE8-B34E-529F1E196BB5}
	EndGlobalSection
EndGlobal
